
Microsoft Visual Studio Solution File, Format Version 12.00
# Visual Studio Version 17
VisualStudioVersion = 17.3.32929.385
MinimumVisualStudioVersion = 10.0.40219.1
Project("{FAE04EC0-301F-11D3-BF4B-00C04F79EFBC}") = "ServiceA", "ServiceA\ServiceA.csproj", "{C6B99118-7AEE-4E4C-BA31-0852410585DE}"
EndProject
Project("{FAE04EC0-301F-11D3-BF4B-00C04F79EFBC}") = "ServiceB", "ServiceB\ServiceB.csproj", "{1836CE2D-E635-4E16-9570-ECCD87180F5A}"
EndProject
Global
	GlobalSection(SolutionConfigurationPlatforms) = preSolution
		Debug|Any CPU = Debug|Any CPU
		Release|Any CPU = Release|Any CPU
	EndGlobalSection
	GlobalSection(ProjectConfigurationPlatforms) = postSolution
		{C6B99118-7AEE-4E4C-BA31-0852410585DE}.Debug|Any CPU.ActiveCfg = Debug|Any CPU
		{C6B99118-7AEE-4E4C-BA31-0852410585DE}.Debug|Any CPU.Build.0 = Debug|Any CPU
		{C6B99118-7AEE-4E4C-BA31-0852410585DE}.Release|Any CPU.ActiveCfg = Release|Any CPU
		{C6B99118-7AEE-4E4C-BA31-0852410585DE}.Release|Any CPU.Build.0 = Release|Any CPU
		{1836CE2D-E635-4E16-9570-ECCD87180F5A}.Debug|Any CPU.ActiveCfg = Debug|Any CPU
		{1836CE2D-E635-4E16-9570-ECCD87180F5A}.Debug|Any CPU.Build.0 = Debug|Any CPU
		{1836CE2D-E635-4E16-9570-ECCD87180F5A}.Release|Any CPU.ActiveCfg = Release|Any CPU
		{1836CE2D-E635-4E16-9570-ECCD87180F5A}.Release|Any CPU.Build.0 = Release|Any CPU
	EndGlobalSection
	GlobalSection(SolutionProperties) = preSolution
		HideSolutionNode = FALSE
	EndGlobalSection
	GlobalSection(ExtensibilityGlobals) = postSolution
		SolutionGuid = {66B0209C-4FA7-4109-A656-5FC017A5EAB1}
	EndGlobalSection
EndGlobal
